
Microsoft Visual Studio Solution File, Format Version 12.00
# Visual Studio Version 16
VisualStudioVersion = 16.0.31410.357
MinimumVisualStudioVersion = 10.0.40219.1
Project("{FAE04EC0-301F-11D3-BF4B-00C04F79EFBC}") = "LaptopSupplier", "LaptopSupplier\LaptopSupplier.csproj", "{D71C8239-5E8E-48D2-99DC-D21F8472B2BA}"
EndProject
Global
	GlobalSection(SolutionConfigurationPlatforms) = preSolution
		Debug|Any CPU = Debug|Any CPU
		Release|Any CPU = Release|Any CPU
	EndGlobalSection
	GlobalSection(ProjectConfigurationPlatforms) = postSolution
		{D71C8239-5E8E-48D2-99DC-D21F8472B2BA}.Debug|Any CPU.ActiveCfg = Debug|Any CPU
		{D71C8239-5E8E-48D2-99DC-D21F8472B2BA}.Debug|Any CPU.Build.0 = Debug|Any CPU
		{D71C8239-5E8E-48D2-99DC-D21F8472B2BA}.Release|Any CPU.ActiveCfg = Release|Any CPU
		{D71C8239-5E8E-48D2-99DC-D21F8472B2BA}.Release|Any CPU.Build.0 = Release|Any CPU
	EndGlobalSection
	GlobalSection(SolutionProperties) = preSolution
		HideSolutionNode = FALSE
	EndGlobalSection
	GlobalSection(ExtensibilityGlobals) = postSolution
		SolutionGuid = {768D80D3-CCD1-4C2B-9DBE-4E57C1F032B9}
	EndGlobalSection
EndGlobal
